
Microsoft Visual Studio Solution File, Format Version 12.00
# Visual Studio Version 16
VisualStudioVersion = 16.0.29911.84
MinimumVisualStudioVersion = 10.0.40219.1
Project("{FAE04EC0-301F-11D3-BF4B-00C04F79EFBC}") = "BismillahGraphic", "BismillahGraphic\BismillahGraphic.csproj", "{072DB6A9-15DD-41B6-9DBE-12333A340B12}"
EndProject
Project("{FAE04EC0-301F-11D3-BF4B-00C04F79EFBC}") = "BismillahGraphic.DataCore", "BismillahGraphic.DataCore\BismillahGraphic.DataCore.csproj", "{AA3C5963-C536-4B6A-81EF-08961A33DD42}"
EndProject
Project("{FAE04EC0-301F-11D3-BF4B-00C04F79EFBC}") = "BismillahGraphic.SMS", "BismillahGraphic.SMS\BismillahGraphic.SMS.csproj", "{2C83ED12-71E2-426E-ACC3-A8F8C0C8D675}"
EndProject
Global
	GlobalSection(SolutionConfigurationPlatforms) = preSolution
		Debug|Any CPU = Debug|Any CPU
		Release|Any CPU = Release|Any CPU
	EndGlobalSection
	GlobalSection(ProjectConfigurationPlatforms) = postSolution
		{072DB6A9-15DD-41B6-9DBE-12333A340B12}.Debug|Any CPU.ActiveCfg = Debug|Any CPU
		{072DB6A9-15DD-41B6-9DBE-12333A340B12}.Debug|Any CPU.Build.0 = Debug|Any CPU
		{072DB6A9-15DD-41B6-9DBE-12333A340B12}.Release|Any CPU.ActiveCfg = Release|Any CPU
		{072DB6A9-15DD-41B6-9DBE-12333A340B12}.Release|Any CPU.Build.0 = Release|Any CPU
		{AA3C5963-C536-4B6A-81EF-08961A33DD42}.Debug|Any CPU.ActiveCfg = Debug|Any CPU
		{AA3C5963-C536-4B6A-81EF-08961A33DD42}.Debug|Any CPU.Build.0 = Debug|Any CPU
		{AA3C5963-C536-4B6A-81EF-08961A33DD42}.Release|Any CPU.ActiveCfg = Release|Any CPU
		{AA3C5963-C536-4B6A-81EF-08961A33DD42}.Release|Any CPU.Build.0 = Release|Any CPU
		{2C83ED12-71E2-426E-ACC3-A8F8C0C8D675}.Debug|Any CPU.ActiveCfg = Debug|Any CPU
		{2C83ED12-71E2-426E-ACC3-A8F8C0C8D675}.Debug|Any CPU.Build.0 = Debug|Any CPU
		{2C83ED12-71E2-426E-ACC3-A8F8C0C8D675}.Release|Any CPU.ActiveCfg = Release|Any CPU
		{2C83ED12-71E2-426E-ACC3-A8F8C0C8D675}.Release|Any CPU.Build.0 = Release|Any CPU
	EndGlobalSection
	GlobalSection(SolutionProperties) = preSolution
		HideSolutionNode = FALSE
	EndGlobalSection
	GlobalSection(ExtensibilityGlobals) = postSolution
		SolutionGuid = {A2A3478B-C6BD-4B32-9430-FA8885219F7B}
	EndGlobalSection
EndGlobal
